// !$*UTF8*$!
{
	archiveVersion = 1;
	classes = {
	};
	objectVersion = 50;
	objects = {

/* Begin PBXBuildFile section */
		7D1E7D4D27B711300067BED6 /* card_game_uiApp.swift in Sources */ = {isa = PBXBuildFile; fileRef = 7D1E7D3A27B7112F0067BED6 /* card_game_uiApp.swift */; };
		7D1E7D4E27B711300067BED6 /* card_game_uiApp.swift in Sources */ = {isa = PBXBuildFile; fileRef = 7D1E7D3A27B7112F0067BED6 /* card_game_uiApp.swift */; };
		7D1E7D4F27B711300067BED6 /* ContentView.swift in Sources */ = {isa = PBXBuildFile; fileRef = 7D1E7D3B27B7112F0067BED6 /* ContentView.swift */; };
		7D1E7D5027B711300067BED6 /* ContentView.swift in Sources */ = {isa = PBXBuildFile; fileRef = 7D1E7D3B27B7112F0067BED6 /* ContentView.swift */; };
		7D1E7D5127B711300067BED6 /* Assets.xcassets in Resources */ = {isa = PBXBuildFile; fileRef = 7D1E7D3C27B711300067BED6 /* Assets.xcassets */; };
		7D1E7D5227B711300067BED6 /* Assets.xcassets in Resources */ = {isa = PBXBuildFile; fileRef = 7D1E7D3C27B711300067BED6 /* Assets.xcassets */; };
/* End PBXBuildFile section */

/* Begin PBXFileReference section */
		7D1E7D3A27B7112F0067BED6 /* card_game_uiApp.swift */ = {isa = PBXFileReference; lastKnownFileType = sourcecode.swift; path = card_game_uiApp.swift; sourceTree = "<group>"; };
		7D1E7D3B27B7112F0067BED6 /* ContentView.swift */ = {isa = PBXFileReference; lastKnownFileType = sourcecode.swift; path = ContentView.swift; sourceTree = "<group>"; };
		7D1E7D3C27B711300067BED6 /* Assets.xcassets */ = {isa = PBXFileReference; lastKnownFileType = folder.assetcatalog; path = Assets.xcassets; sourceTree = "<group>"; };
		7D1E7D4127B711300067BED6 /* card game ui.app */ = {isa = PBXFileReference; explicitFileType = wrapper.application; includeInIndex = 0; path = "card game ui.app"; sourceTree = BUILT_PRODUCTS_DIR; };
		7D1E7D4427B711300067BED6 /* Info.plist */ = {isa = PBXFileReference; lastKnownFileType = text.plist.xml; path = Info.plist; sourceTree = "<group>"; };
		7D1E7D4927B711300067BED6 /* card game ui.app */ = {isa = PBXFileReference; explicitFileType = wrapper.application; includeInIndex = 0; path = "card game ui.app"; sourceTree = BUILT_PRODUCTS_DIR; };
		7D1E7D4B27B711300067BED6 /* Info.plist */ = {isa = PBXFileReference; lastKnownFileType = text.plist.xml; path = Info.plist; sourceTree = "<group>"; };
		7D1E7D4C27B711300067BED6 /* macOS.entitlements */ = {isa = PBXFileReference; lastKnownFileType = text.plist.entitlements; path = macOS.entitlements; sourceTree = "<group>"; };
/* End PBXFileReference section */

/* Begin PBXFrameworksBuildPhase section */
		7D1E7D3E27B711300067BED6 /* Frameworks */ = {
			isa = PBXFrameworksBuildPhase;
			buildActionMask = 2147483647;
			files = (
			);
			runOnlyForDeploymentPostprocessing = 0;
		};
		7D1E7D4627B711300067BED6 /* Frameworks */ = {
			isa = PBXFrameworksBuildPhase;
			buildActionMask = 2147483647;
			files = (
			);
			runOnlyForDeploymentPostprocessing = 0;
		};
/* End PBXFrameworksBuildPhase section */

/* Begin PBXGroup section */
		7D1E7D3427B7112F0067BED6 = {
			isa = PBXGroup;
			children = (
				7D1E7D3927B7112F0067BED6 /* Shared */,
				7D1E7D4327B711300067BED6 /* iOS */,
				7D1E7D4A27B711300067BED6 /* macOS */,
				7D1E7D4227B711300067BED6 /* Products */,
			);
			sourceTree = "<group>";
		};
		7D1E7D3927B7112F0067BED6 /* Shared */ = {
			isa = PBXGroup;
			children = (
				7D1E7D3A27B7112F0067BED6 /* card_game_uiApp.swift */,
				7D1E7D3B27B7112F0067BED6 /* ContentView.swift */,
				7D1E7D3C27B711300067BED6 /* Assets.xcassets */,
			);
			path = Shared;
			sourceTree = "<group>";
		};
		7D1E7D4227B711300067BED6 /* Products */ = {
			isa = PBXGroup;
			children = (
				7D1E7D4127B711300067BED6 /* card game ui.app */,
				7D1E7D4927B711300067BED6 /* card game ui.app */,
			);
			name = Products;
			sourceTree = "<group>";
		};
		7D1E7D4327B711300067BED6 /* iOS */ = {
			isa = PBXGroup;
			children = (
				7D1E7D4427B711300067BED6 /* Info.plist */,
			);
			path = iOS;
			sourceTree = "<group>";
		};
		7D1E7D4A27B711300067BED6 /* macOS */ = {
			isa = PBXGroup;
			children = (
				7D1E7D4B27B711300067BED6 /* Info.plist */,
				7D1E7D4C27B711300067BED6 /* macOS.entitlements */,
			);
			path = macOS;
			sourceTree = "<group>";
		};
/* End PBXGroup section */

/* Begin PBXNativeTarget section */
		7D1E7D4027B711300067BED6 /* card game ui (iOS) */ = {
			isa = PBXNativeTarget;
			buildConfigurationList = 7D1E7D5527B711300067BED6 /* Build configuration list for PBXNativeTarget "card game ui (iOS)" */;
			buildPhases = (
				7D1E7D3D27B711300067BED6 /* Sources */,
				7D1E7D3E27B711300067BED6 /* Frameworks */,
				7D1E7D3F27B711300067BED6 /* Resources */,
			);
			buildRules = (
			);
			dependencies = (
			);
			name = "card game ui (iOS)";
			productName = "card game ui (iOS)";
			productReference = 7D1E7D4127B711300067BED6 /* card game ui.app */;
			productType = "com.apple.product-type.application";
		};
		7D1E7D4827B711300067BED6 /* card game ui (macOS) */ = {
			isa = PBXNativeTarget;
			buildConfigurationList = 7D1E7D5827B711300067BED6 /* Build configuration list for PBXNativeTarget "card game ui (macOS)" */;
			buildPhases = (
				7D1E7D4527B711300067BED6 /* Sources */,
				7D1E7D4627B711300067BED6 /* Frameworks */,
				7D1E7D4727B711300067BED6 /* Resources */,
			);
			buildRules = (
			);
			dependencies = (
			);
			name = "card game ui (macOS)";
			productName = "card game ui (macOS)";
			productReference = 7D1E7D4927B711300067BED6 /* card game ui.app */;
			productType = "com.apple.product-type.application";
		};
/* End PBXNativeTarget section */

/* Begin PBXProject section */
		7D1E7D3527B7112F0067BED6 /* Project object */ = {
			isa = PBXProject;
			attributes = {
				LastSwiftUpdateCheck = 1250;
				LastUpgradeCheck = 1250;
				TargetAttributes = {
					7D1E7D4027B711300067BED6 = {
						CreatedOnToolsVersion = 12.5.1;
					};
					7D1E7D4827B711300067BED6 = {
						CreatedOnToolsVersion = 12.5.1;
					};
				};
			};
			buildConfigurationList = 7D1E7D3827B7112F0067BED6 /* Build configuration list for PBXProject "card game ui" */;
			compatibilityVersion = "Xcode 9.3";
			developmentRegion = en;
			hasScannedForEncodings = 0;
			knownRegions = (
				en,
				Base,
			);
			mainGroup = 7D1E7D3427B7112F0067BED6;
			productRefGroup = 7D1E7D4227B711300067BED6 /* Products */;
			projectDirPath = "";
			projectRoot = "";
			targets = (
				7D1E7D4027B711300067BED6 /* card game ui (iOS) */,
				7D1E7D4827B711300067BED6 /* card game ui (macOS) */,
			);
		};
/* End PBXProject section */

/* Begin PBXResourcesBuildPhase section */
		7D1E7D3F27B711300067BED6 /* Resources */ = {
			isa = PBXResourcesBuildPhase;
			buildActionMask = 2147483647;
			files = (
				7D1E7D5127B711300067BED6 /* Assets.xcassets in Resources */,
			);
			runOnlyForDeploymentPostprocessing = 0;
		};
		7D1E7D4727B711300067BED6 /* Resources */ = {
			isa = PBXResourcesBuildPhase;
			buildActionMask = 2147483647;
			files = (
				7D1E7D5227B711300067BED6 /* Assets.xcassets in Resources */,
			);
			runOnlyForDeploymentPostprocessing = 0;
		};
/* End PBXResourcesBuildPhase section */

/* Begin PBXSourcesBuildPhase section */
		7D1E7D3D27B711300067BED6 /* Sources */ = {
			isa = PBXSourcesBuildPhase;
			buildActionMask = 2147483647;
			files = (
				7D1E7D4F27B711300067BED6 /* ContentView.swift in Sources */,
				7D1E7D4D27B711300067BED6 /* card_game_uiApp.swift in Sources */,
			);
			runOnlyForDeploymentPostprocessing = 0;
		};
		7D1E7D4527B711300067BED6 /* Sources */ = {
			isa = PBXSourcesBuildPhase;
			buildActionMask = 2147483647;
			files = (
				7D1E7D5027B711300067BED6 /* ContentView.swift in Sources */,
				7D1E7D4E27B711300067BED6 /* card_game_uiApp.swift in Sources */,
			);
			runOnlyForDeploymentPostprocessing = 0;
		};
/* End PBXSourcesBuildPhase section */

/* Begin XCBuildConfiguration section */
		7D1E7D5327B711300067BED6 /* Debug */ = {
			isa = XCBuildConfiguration;
			buildSettings = {
				ALWAYS_SEARCH_USER_PATHS = NO;
				CLANG_ANALYZER_NONNULL = YES;
				CLANG_ANALYZER_NUMBER_OBJECT_CONVERSION = YES_AGGRESSIVE;
				CLANG_CXX_LANGUAGE_STANDARD = "gnu++14";
				CLANG_CXX_LIBRARY = "libc++";
				CLANG_ENABLE_MODULES = YES;
				CLANG_ENABLE_OBJC_ARC = YES;
				CLANG_ENABLE_OBJC_WEAK = YES;
				CLANG_WARN_BLOCK_CAPTURE_AUTORELEASING = YES;
				CLANG_WARN_BOOL_CONVERSION = YES;
				CLANG_WARN_COMMA = YES;
				CLANG_WARN_CONSTANT_CONVERSION = YES;
				CLANG_WARN_DEPRECATED_OBJC_IMPLEMENTATIONS = YES;
				CLANG_WARN_DIRECT_OBJC_ISA_USAGE = YES_ERROR;
				CLANG_WARN_DOCUMENTATION_COMMENTS = YES;
				CLANG_WARN_EMPTY_BODY = YES;
				CLANG_WARN_ENUM_CONVERSION = YES;
				CLANG_WARN_INFINITE_RECURSION = YES;
				CLANG_WARN_INT_CONVERSION = YES;
				CLANG_WARN_NON_LITERAL_NULL_CONVERSION = YES;
				CLANG_WARN_OBJC_IMPLICIT_RETAIN_SELF = YES;
				CLANG_WARN_OBJC_LITERAL_CONVERSION = YES;
				CLANG_WARN_OBJC_ROOT_CLASS = YES_ERROR;
				CLANG_WARN_QUOTED_INCLUDE_IN_FRAMEWORK_HEADER = YES;
				CLANG_WARN_RANGE_LOOP_ANALYSIS = YES;
				CLANG_WARN_STRICT_PROTOTYPES = YES;
				CLANG_WARN_SUSPICIOUS_MOVE = YES;
				CLANG_WARN_UNGUARDED_AVAILABILITY = YES_AGGRESSIVE;
				CLANG_WARN_UNREACHABLE_CODE = YES;
				CLANG_WARN__DUPLICATE_METHOD_MATCH = YES;
				COPY_PHASE_STRIP = NO;
				DEBUG_INFORMATION_FORMAT = dwarf;
				ENABLE_STRICT_OBJC_MSGSEND = YES;
				ENABLE_TESTABILITY = YES;
				GCC_C_LANGUAGE_STANDARD = gnu11;
				GCC_DYNAMIC_NO_PIC = NO;
				GCC_NO_COMMON_BLOCKS = YES;
				GCC_OPTIMIZATION_LEVEL = 0;
				GCC_PREPROCESSOR_DEFINITIONS = (
					"DEBUG=1",
					"$(inherited)",
				);
				GCC_WARN_64_TO_32_BIT_CONVERSION = YES;
				GCC_WARN_ABOUT_RETURN_TYPE = YES_ERROR;
				GCC_WARN_UNDECLARED_SELECTOR = YES;
				GCC_WARN_UNINITIALIZED_AUTOS = YES_AGGRESSIVE;
				GCC_WARN_UNUSED_FUNCTION = YES;
				GCC_WARN_UNUSED_VARIABLE = YES;
				MTL_ENABLE_DEBUG_INFO = INCLUDE_SOURCE;
				MTL_FAST_MATH = YES;
				ONLY_ACTIVE_ARCH = YES;
				SWIFT_ACTIVE_COMPILATION_CONDITIONS = DEBUG;
				SWIFT_OPTIMIZATION_LEVEL = "-Onone";
			};
			name = Debug;
		};
		7D1E7D5427B711300067BED6 /* Release */ = {
			isa = XCBuildConfiguration;
			buildSettings = {
				ALWAYS_SEARCH_USER_PATHS = NO;
				CLANG_ANALYZER_NONNULL = YES;
				CLANG_ANALYZER_NUMBER_OBJECT_CONVERSION = YES_AGGRESSIVE;
				CLANG_CXX_LANGUAGE_STANDARD = "gnu++14";
				CLANG_CXX_LIBRARY = "libc++";
				CLANG_ENABLE_MODULES = YES;
				CLANG_ENABLE_OBJC_ARC = YES;
				CLANG_ENABLE_OBJC_WEAK = YES;
				CLANG_WARN_BLOCK_CAPTURE_AUTORELEASING = YES;
				CLANG_WARN_BOOL_CONVERSION = YES;
				CLANG_WARN_COMMA = YES;
				CLANG_WARN_CONSTANT_CONVERSION = YES;
				CLANG_WARN_DEPRECATED_OBJC_IMPLEMENTATIONS = YES;
				CLANG_WARN_DIRECT_OBJC_ISA_USAGE = YES_ERROR;
				CLANG_WARN_DOCUMENTATION_COMMENTS = YES;
				CLANG_WARN_EMPTY_BODY = YES;
				CLANG_WARN_ENUM_CONVERSION = YES;
				CLANG_WARN_INFINITE_RECURSION = YES;
				CLANG_WARN_INT_CONVERSION = YES;
				CLANG_WARN_NON_LITERAL_NULL_CONVERSION = YES;
				CLANG_WARN_OBJC_IMPLICIT_RETAIN_SELF = YES;
				CLANG_WARN_OBJC_LITERAL_CONVERSION = YES;
				CLANG_WARN_OBJC_ROOT_CLASS = YES_ERROR;
				CLANG_WARN_QUOTED_INCLUDE_IN_FRAMEWORK_HEADER = YES;
				CLANG_WARN_RANGE_LOOP_ANALYSIS = YES;
				CLANG_WARN_STRICT_PROTOTYPES = YES;
				CLANG_WARN_SUSPICIOUS_MOVE = YES;
				CLANG_WARN_UNGUARDED_AVAILABILITY = YES_AGGRESSIVE;
				CLANG_WARN_UNREACHABLE_CODE = YES;
				CLANG_WARN__DUPLICATE_METHOD_MATCH = YES;
				COPY_PHASE_STRIP = NO;
				DEBUG_INFORMATION_FORMAT = "dwarf-with-dsym";
				ENABLE_NS_ASSERTIONS = NO;
				ENABLE_STRICT_OBJC_MSGSEND = YES;
				GCC_C_LANGUAGE_STANDARD = gnu11;
				GCC_NO_COMMON_BLOCKS = YES;
				GCC_WARN_64_TO_32_BIT_CONVERSION = YES;
				GCC_WARN_ABOUT_RETURN_TYPE = YES_ERROR;
				GCC_WARN_UNDECLARED_SELECTOR = YES;
				GCC_WARN_UNINITIALIZED_AUTOS = YES_AGGRESSIVE;
				GCC_WARN_UNUSED_FUNCTION = YES;
				GCC_WARN_UNUSED_VARIABLE = YES;
				MTL_ENABLE_DEBUG_INFO = NO;
				MTL_FAST_MATH = YES;
				SWIFT_COMPILATION_MODE = wholemodule;
				SWIFT_OPTIMIZATION_LEVEL = "-O";
			};
			name = Release;
		};
		7D1E7D5627B711300067BED6 /* Debug */ = {
			isa = XCBuildConfiguration;
			buildSettings = {
				ASSETCATALOG_COMPILER_APPICON_NAME = AppIcon;
				ASSETCATALOG_COMPILER_GLOBAL_ACCENT_COLOR_NAME = AccentColor;
				CODE_SIGN_STYLE = Automatic;
				DEVELOPMENT_TEAM = YS58GSHX4V;
				ENABLE_PREVIEWS = YES;
				INFOPLIST_FILE = iOS/Info.plist;
				IPHONEOS_DEPLOYMENT_TARGET = 14.0;
				LD_RUNPATH_SEARCH_PATHS = (
					"$(inherited)",
					"@executable_path/Frameworks",
				);
				PRODUCT_BUNDLE_IDENTIFIER = "com.izaan.card-game-ui";
				PRODUCT_NAME = "card game ui";
				SDKROOT = iphoneos;
				SWIFT_VERSION = 5.0;
				TARGETED_DEVICE_FAMILY = "1,2";
			};
			name = Debug;
		};
		7D1E7D5727B711300067BED6 /* Release */ = {
			isa = XCBuildConfiguration;
			buildSettings = {
				ASSETCATALOG_COMPILER_APPICON_NAME = AppIcon;
				ASSETCATALOG_COMPILER_GLOBAL_ACCENT_COLOR_NAME = AccentColor;
				CODE_SIGN_STYLE = Automatic;
				DEVELOPMENT_TEAM = YS58GSHX4V;
				ENABLE_PREVIEWS = YES;
				INFOPLIST_FILE = iOS/Info.plist;
				IPHONEOS_DEPLOYMENT_TARGET = 14.0;
				LD_RUNPATH_SEARCH_PATHS = (
					"$(inherited)",
					"@executable_path/Frameworks",
				);
				PRODUCT_BUNDLE_IDENTIFIER = "com.izaan.card-game-ui";
				PRODUCT_NAME = "card game ui";
				SDKROOT = iphoneos;
				SWIFT_VERSION = 5.0;
				TARGETED_DEVICE_FAMILY = "1,2";
				VALIDATE_PRODUCT = YES;
			};
			name = Release;
		};
		7D1E7D5927B711300067BED6 /* Debug */ = {
			isa = XCBuildConfiguration;
			buildSettings = {
				ASSETCATALOG_COMPILER_APPICON_NAME = AppIcon;
				ASSETCATALOG_COMPILER_GLOBAL_ACCENT_COLOR_NAME = AccentColor;
				CODE_SIGN_ENTITLEMENTS = macOS/macOS.entitlements;
				CODE_SIGN_STYLE = Automatic;
				COMBINE_HIDPI_IMAGES = YES;
				DEVELOPMENT_TEAM = YS58GSHX4V;
				ENABLE_HARDENED_RUNTIME = YES;
				ENABLE_PREVIEWS = YES;
				INFOPLIST_FILE = macOS/Info.plist;
				LD_RUNPATH_SEARCH_PATHS = (
					"$(inherited)",
					"@executable_path/../Frameworks",
				);
				MACOSX_DEPLOYMENT_TARGET = 11.0;
				PRODUCT_BUNDLE_IDENTIFIER = "com.izaan.card-game-ui";
				PRODUCT_NAME = "card game ui";
				SDKROOT = macosx;
				SWIFT_VERSION = 5.0;
			};
			name = Debug;
		};
		7D1E7D5A27B711300067BED6 /* Release */ = {
			isa = XCBuildConfiguration;
			buildSettings = {
				ASSETCATALOG_COMPILER_APPICON_NAME = AppIcon;
				ASSETCATALOG_COMPILER_GLOBAL_ACCENT_COLOR_NAME = AccentColor;
				CODE_SIGN_ENTITLEMENTS = macOS/macOS.entitlements;
				CODE_SIGN_STYLE = Automatic;
				COMBINE_HIDPI_IMAGES = YES;
				DEVELOPMENT_TEAM = YS58GSHX4V;
				ENABLE_HARDENED_RUNTIME = YES;
				ENABLE_PREVIEWS = YES;
				INFOPLIST_FILE = macOS/Info.plist;
				LD_RUNPATH_SEARCH_PATHS = (
					"$(inherited)",
					"@executable_path/../Frameworks",
				);
				MACOSX_DEPLOYMENT_TARGET = 11.0;
				PRODUCT_BUNDLE_IDENTIFIER = "com.izaan.card-game-ui";
				PRODUCT_NAME = "card game ui";
				SDKROOT = macosx;
				SWIFT_VERSION = 5.0;
			};
			name = Release;
		};
/* End XCBuildConfiguration section */

/* Begin XCConfigurationList section */
		7D1E7D3827B7112F0067BED6 /* Build configuration list for PBXProject "card game ui" */ = {
			isa = XCConfigurationList;
			buildConfigurations = (
				7D1E7D5327B711300067BED6 /* Debug */,
				7D1E7D5427B711300067BED6 /* Release */,
			);
			defaultConfigurationIsVisible = 0;
			defaultConfigurationName = Release;
		};
		7D1E7D5527B711300067BED6 /* Build configuration list for PBXNativeTarget "card game ui (iOS)" */ = {
			isa = XCConfigurationList;
			buildConfigurations = (
				7D1E7D5627B711300067BED6 /* Debug */,
				7D1E7D5727B711300067BED6 /* Release */,
			);
			defaultConfigurationIsVisible = 0;
			defaultConfigurationName = Release;
		};
		7D1E7D5827B711300067BED6 /* Build configuration list for PBXNativeTarget "card game ui (macOS)" */ = {
			isa = XCConfigurationList;
			buildConfigurations = (
				7D1E7D5927B711300067BED6 /* Debug */,
				7D1E7D5A27B711300067BED6 /* Release */,
			);
			defaultConfigurationIsVisible = 0;
			defaultConfigurationName = Release;
		};
/* End XCConfigurationList section */
	};
	rootObject = 7D1E7D3527B7112F0067BED6 /* Project object */;
}
